
Microsoft Visual Studio Solution File, Format Version 12.00
# Visual Studio Version 17
VisualStudioVersion = 17.5.002.0
MinimumVisualStudioVersion = 10.0.40219.1
Project("{2150E333-8FDC-42A3-9474-1A3956D46DE8}") = "prepare", "prepare", "{F514D7DD-841A-405E-BD8A-1EDC07A9C3C5}"
EndProject
Project("{9A19103F-16F7-4668-BE54-9A1E7A4F7556}") = "Learning02", "prepare\Learning02\Learning02.csproj", "{D7F9AC3B-DB5E-40DE-BF99-05B74A4E1126}"
EndProject
Project("{9A19103F-16F7-4668-BE54-9A1E7A4F7556}") = "Learning05", "prepare\Learning05\Learning05.csproj", "{AA63E34D-D278-447D-9E04-767A4BE88D34}"
EndProject
Project("{9A19103F-16F7-4668-BE54-9A1E7A4F7556}") = "Learning04", "prepare\Learning04\Learning04.csproj", "{0F1A0107-E437-4FCB-B53A-149113502050}"
EndProject
Project("{9A19103F-16F7-4668-BE54-9A1E7A4F7556}") = "Learning03", "prepare\Learning03\Learning03.csproj", "{D94474E7-A080-49EA-88F4-AB755ABE2315}"
EndProject
Project("{2150E333-8FDC-42A3-9474-1A3956D46DE8}") = "prove", "prove", "{8F18C051-BAA8-4773-83DA-40816CEE4846}"
EndProject
Project("{9A19103F-16F7-4668-BE54-9A1E7A4F7556}") = "Develop03", "prove\Develop03\Develop03.csproj", "{78198DC7-1ECF-440E-A664-52BAE13EDFC5}"
EndProject
Project("{9A19103F-16F7-4668-BE54-9A1E7A4F7556}") = "Develop04", "prove\Develop04\Develop04.csproj", "{91AE39B0-D988-46A0-8632-E9286888E994}"
EndProject
Project("{9A19103F-16F7-4668-BE54-9A1E7A4F7556}") = "Develop05", "prove\Develop05\Develop05.csproj", "{93BD6545-72D7-4F59-8682-F7F40BE657B3}"
EndProject
Project("{9A19103F-16F7-4668-BE54-9A1E7A4F7556}") = "Develop02", "prove\Develop02\Develop02.csproj", "{B342E07B-6DB8-4BDC-A563-2783A7775A1D}"
EndProject
Project("{2150E333-8FDC-42A3-9474-1A3956D46DE8}") = "sandbox", "sandbox", "{4B3759F8-2DFB-40DD-B99C-C356EAA2AA62}"
EndProject
Project("{9A19103F-16F7-4668-BE54-9A1E7A4F7556}") = "Sandbox", "sandbox\Sandbox\Sandbox.csproj", "{74C6F172-F58E-4677-8E16-661912C9610B}"
EndProject
Project("{2150E333-8FDC-42A3-9474-1A3956D46DE8}") = "final", "final", "{49EF2AE1-0BEF-43B8-A1F0-C8C2D7D31DA4}"
EndProject
Project("{9A19103F-16F7-4668-BE54-9A1E7A4F7556}") = "FinalProject", "final\FinalProject\FinalProject.csproj", "{F5856D68-8A84-488F-9B2A-65C5612C7A3B}"
EndProject
Project("{9A19103F-16F7-4668-BE54-9A1E7A4F7556}") = "Foundation1", "final\Foundation1\Foundation1.csproj", "{023715AE-C222-4768-9A41-1C1C74E5CD8D}"
EndProject
Project("{9A19103F-16F7-4668-BE54-9A1E7A4F7556}") = "Foundation4", "final\Foundation4\Foundation4.csproj", "{F6A9B586-E728-47FC-909C-36BE9C83E248}"
EndProject
Project("{9A19103F-16F7-4668-BE54-9A1E7A4F7556}") = "Foundation3", "final\Foundation3\Foundation3.csproj", "{7FEF79C2-C649-4A76-9910-1FB6695C4000}"
EndProject
Project("{9A19103F-16F7-4668-BE54-9A1E7A4F7556}") = "Foundation2", "final\Foundation2\Foundation2.csproj", "{19D31D2A-7CA5-4498-B0FD-BA20112A48ED}"
EndProject
Project("{2150E333-8FDC-42A3-9474-1A3956D46DE8}") = "csharp-prep", "csharp-prep", "{5117DE84-D633-40EA-8043-0618AF0C8B3A}"
EndProject
Project("{9A19103F-16F7-4668-BE54-9A1E7A4F7556}") = "Prep1", "csharp-prep\Prep1\Prep1.csproj", "{174F49EB-DCD7-4D46-A3E4-2DB38CA4C592}"
EndProject
Project("{9A19103F-16F7-4668-BE54-9A1E7A4F7556}") = "Prep5", "csharp-prep\Prep5\Prep5.csproj", "{3267990B-CE77-43C0-B57B-00ACA5E06F71}"
EndProject
Project("{9A19103F-16F7-4668-BE54-9A1E7A4F7556}") = "Prep2", "csharp-prep\Prep2\Prep2.csproj", "{03A95F19-8E5D-4C2E-901F-C5A79201A475}"
EndProject
Project("{9A19103F-16F7-4668-BE54-9A1E7A4F7556}") = "Prep3", "csharp-prep\Prep3\Prep3.csproj", "{AC9FFE12-6F40-41E4-8DFA-ED5BB1D2F56A}"
EndProject
Project("{9A19103F-16F7-4668-BE54-9A1E7A4F7556}") = "Prep4", "csharp-prep\Prep4\Prep4.csproj", "{411E410F-B4A7-4F28-8FAF-B5E5EC416D7B}"
EndProject
Global
	GlobalSection(SolutionConfigurationPlatforms) = preSolution
		Debug|Any CPU = Debug|Any CPU
		Release|Any CPU = Release|Any CPU
	EndGlobalSection
	GlobalSection(ProjectConfigurationPlatforms) = postSolution
		{D7F9AC3B-DB5E-40DE-BF99-05B74A4E1126}.Debug|Any CPU.ActiveCfg = Debug|Any CPU
		{D7F9AC3B-DB5E-40DE-BF99-05B74A4E1126}.Debug|Any CPU.Build.0 = Debug|Any CPU
		{D7F9AC3B-DB5E-40DE-BF99-05B74A4E1126}.Release|Any CPU.ActiveCfg = Release|Any CPU
		{D7F9AC3B-DB5E-40DE-BF99-05B74A4E1126}.Release|Any CPU.Build.0 = Release|Any CPU
		{AA63E34D-D278-447D-9E04-767A4BE88D34}.Debug|Any CPU.ActiveCfg = Debug|Any CPU
		{AA63E34D-D278-447D-9E04-767A4BE88D34}.Debug|Any CPU.Build.0 = Debug|Any CPU
		{AA63E34D-D278-447D-9E04-767A4BE88D34}.Release|Any CPU.ActiveCfg = Release|Any CPU
		{AA63E34D-D278-447D-9E04-767A4BE88D34}.Release|Any CPU.Build.0 = Release|Any CPU
		{0F1A0107-E437-4FCB-B53A-149113502050}.Debug|Any CPU.ActiveCfg = Debug|Any CPU
		{0F1A0107-E437-4FCB-B53A-149113502050}.Debug|Any CPU.Build.0 = Debug|Any CPU
		{0F1A0107-E437-4FCB-B53A-149113502050}.Release|Any CPU.ActiveCfg = Release|Any CPU
		{0F1A0107-E437-4FCB-B53A-149113502050}.Release|Any CPU.Build.0 = Release|Any CPU
		{D94474E7-A080-49EA-88F4-AB755ABE2315}.Debug|Any CPU.ActiveCfg = Debug|Any CPU
		{D94474E7-A080-49EA-88F4-AB755ABE2315}.Debug|Any CPU.Build.0 = Debug|Any CPU
		{D94474E7-A080-49EA-88F4-AB755ABE2315}.Release|Any CPU.ActiveCfg = Release|Any CPU
		{D94474E7-A080-49EA-88F4-AB755ABE2315}.Release|Any CPU.Build.0 = Release|Any CPU
		{78198DC7-1ECF-440E-A664-52BAE13EDFC5}.Debug|Any CPU.ActiveCfg = Debug|Any CPU
		{78198DC7-1ECF-440E-A664-52BAE13EDFC5}.Debug|Any CPU.Build.0 = Debug|Any CPU
		{78198DC7-1ECF-440E-A664-52BAE13EDFC5}.Release|Any CPU.ActiveCfg = Release|Any CPU
		{78198DC7-1ECF-440E-A664-52BAE13EDFC5}.Release|Any CPU.Build.0 = Release|Any CPU
		{91AE39B0-D988-46A0-8632-E9286888E994}.Debug|Any CPU.ActiveCfg = Debug|Any CPU
		{91AE39B0-D988-46A0-8632-E9286888E994}.Debug|Any CPU.Build.0 = Debug|Any CPU
		{91AE39B0-D988-46A0-8632-E9286888E994}.Release|Any CPU.ActiveCfg = Release|Any CPU
		{91AE39B0-D988-46A0-8632-E9286888E994}.Release|Any CPU.Build.0 = Release|Any CPU
		{93BD6545-72D7-4F59-8682-F7F40BE657B3}.Debug|Any CPU.ActiveCfg = Debug|Any CPU
		{93BD6545-72D7-4F59-8682-F7F40BE657B3}.Debug|Any CPU.Build.0 = Debug|Any CPU
		{93BD6545-72D7-4F59-8682-F7F40BE657B3}.Release|Any CPU.ActiveCfg = Release|Any CPU
		{93BD6545-72D7-4F59-8682-F7F40BE657B3}.Release|Any CPU.Build.0 = Release|Any CPU
		{B342E07B-6DB8-4BDC-A563-2783A7775A1D}.Debug|Any CPU.ActiveCfg = Debug|Any CPU
		{B342E07B-6DB8-4BDC-A563-2783A7775A1D}.Debug|Any CPU.Build.0 = Debug|Any CPU
		{B342E07B-6DB8-4BDC-A563-2783A7775A1D}.Release|Any CPU.ActiveCfg = Release|Any CPU
		{B342E07B-6DB8-4BDC-A563-2783A7775A1D}.Release|Any CPU.Build.0 = Release|Any CPU
		{74C6F172-F58E-4677-8E16-661912C9610B}.Debug|Any CPU.ActiveCfg = Debug|Any CPU
		{74C6F172-F58E-4677-8E16-661912C9610B}.Debug|Any CPU.Build.0 = Debug|Any CPU
		{74C6F172-F58E-4677-8E16-661912C9610B}.Release|Any CPU.ActiveCfg = Release|Any CPU
		{74C6F172-F58E-4677-8E16-661912C9610B}.Release|Any CPU.Build.0 = Release|Any CPU
		{F5856D68-8A84-488F-9B2A-65C5612C7A3B}.Debug|Any CPU.ActiveCfg = Debug|Any CPU
		{F5856D68-8A84-488F-9B2A-65C5612C7A3B}.Debug|Any CPU.Build.0 = Debug|Any CPU
		{F5856D68-8A84-488F-9B2A-65C5612C7A3B}.Release|Any CPU.ActiveCfg = Release|Any CPU
		{F5856D68-8A84-488F-9B2A-65C5612C7A3B}.Release|Any CPU.Build.0 = Release|Any CPU
		{023715AE-C222-4768-9A41-1C1C74E5CD8D}.Debug|Any CPU.ActiveCfg = Debug|Any CPU
		{023715AE-C222-4768-9A41-1C1C74E5CD8D}.Debug|Any CPU.Build.0 = Debug|Any CPU
		{023715AE-C222-4768-9A41-1C1C74E5CD8D}.Release|Any CPU.ActiveCfg = Release|Any CPU
		{023715AE-C222-4768-9A41-1C1C74E5CD8D}.Release|Any CPU.Build.0 = Release|Any CPU
		{F6A9B586-E728-47FC-909C-36BE9C83E248}.Debug|Any CPU.ActiveCfg = Debug|Any CPU
		{F6A9B586-E728-47FC-909C-36BE9C83E248}.Debug|Any CPU.Build.0 = Debug|Any CPU
		{F6A9B586-E728-47FC-909C-36BE9C83E248}.Release|Any CPU.ActiveCfg = Release|Any CPU
		{F6A9B586-E728-47FC-909C-36BE9C83E248}.Release|Any CPU.Build.0 = Release|Any CPU
		{7FEF79C2-C649-4A76-9910-1FB6695C4000}.Debug|Any CPU.ActiveCfg = Debug|Any CPU
		{7FEF79C2-C649-4A76-9910-1FB6695C4000}.Debug|Any CPU.Build.0 = Debug|Any CPU
		{7FEF79C2-C649-4A76-9910-1FB6695C4000}.Release|Any CPU.ActiveCfg = Release|Any CPU
		{7FEF79C2-C649-4A76-9910-1FB6695C4000}.Release|Any CPU.Build.0 = Release|Any CPU
		{19D31D2A-7CA5-4498-B0FD-BA20112A48ED}.Debug|Any CPU.ActiveCfg = Debug|Any CPU
		{19D31D2A-7CA5-4498-B0FD-BA20112A48ED}.Debug|Any CPU.Build.0 = Debug|Any CPU
		{19D31D2A-7CA5-4498-B0FD-BA20112A48ED}.Release|Any CPU.ActiveCfg = Release|Any CPU
		{19D31D2A-7CA5-4498-B0FD-BA20112A48ED}.Release|Any CPU.Build.0 = Release|Any CPU
		{174F49EB-DCD7-4D46-A3E4-2DB38CA4C592}.Debug|Any CPU.ActiveCfg = Debug|Any CPU
		{174F49EB-DCD7-4D46-A3E4-2DB38CA4C592}.Debug|Any CPU.Build.0 = Debug|Any CPU
		{174F49EB-DCD7-4D46-A3E4-2DB38CA4C592}.Release|Any CPU.ActiveCfg = Release|Any CPU
		{174F49EB-DCD7-4D46-A3E4-2DB38CA4C592}.Release|Any CPU.Build.0 = Release|Any CPU
		{3267990B-CE77-43C0-B57B-00ACA5E06F71}.Debug|Any CPU.ActiveCfg = Debug|Any CPU
		{3267990B-CE77-43C0-B57B-00ACA5E06F71}.Debug|Any CPU.Build.0 = Debug|Any CPU
		{3267990B-CE77-43C0-B57B-00ACA5E06F71}.Release|Any CPU.ActiveCfg = Release|Any CPU
		{3267990B-CE77-43C0-B57B-00ACA5E06F71}.Release|Any CPU.Build.0 = Release|Any CPU
		{03A95F19-8E5D-4C2E-901F-C5A79201A475}.Debug|Any CPU.ActiveCfg = Debug|Any CPU
		{03A95F19-8E5D-4C2E-901F-C5A79201A475}.Debug|Any CPU.Build.0 = Debug|Any CPU
		{03A95F19-8E5D-4C2E-901F-C5A79201A475}.Release|Any CPU.ActiveCfg = Release|Any CPU
		{03A95F19-8E5D-4C2E-901F-C5A79201A475}.Release|Any CPU.Build.0 = Release|Any CPU
		{AC9FFE12-6F40-41E4-8DFA-ED5BB1D2F56A}.Debug|Any CPU.ActiveCfg = Debug|Any CPU
		{AC9FFE12-6F40-41E4-8DFA-ED5BB1D2F56A}.Debug|Any CPU.Build.0 = Debug|Any CPU
		{AC9FFE12-6F40-41E4-8DFA-ED5BB1D2F56A}.Release|Any CPU.ActiveCfg = Release|Any CPU
		{AC9FFE12-6F40-41E4-8DFA-ED5BB1D2F56A}.Release|Any CPU.Build.0 = Release|Any CPU
		{411E410F-B4A7-4F28-8FAF-B5E5EC416D7B}.Debug|Any CPU.ActiveCfg = Debug|Any CPU
		{411E410F-B4A7-4F28-8FAF-B5E5EC416D7B}.Debug|Any CPU.Build.0 = Debug|Any CPU
		{411E410F-B4A7-4F28-8FAF-B5E5EC416D7B}.Release|Any CPU.ActiveCfg = Release|Any CPU
		{411E410F-B4A7-4F28-8FAF-B5E5EC416D7B}.Release|Any CPU.Build.0 = Release|Any CPU
	EndGlobalSection
	GlobalSection(SolutionProperties) = preSolution
		HideSolutionNode = FALSE
	EndGlobalSection
	GlobalSection(NestedProjects) = preSolution
		{D7F9AC3B-DB5E-40DE-BF99-05B74A4E1126} = {F514D7DD-841A-405E-BD8A-1EDC07A9C3C5}
		{AA63E34D-D278-447D-9E04-767A4BE88D34} = {F514D7DD-841A-405E-BD8A-1EDC07A9C3C5}
		{0F1A0107-E437-4FCB-B53A-149113502050} = {F514D7DD-841A-405E-BD8A-1EDC07A9C3C5}
		{D94474E7-A080-49EA-88F4-AB755ABE2315} = {F514D7DD-841A-405E-BD8A-1EDC07A9C3C5}
		{78198DC7-1ECF-440E-A664-52BAE13EDFC5} = {8F18C051-BAA8-4773-83DA-40816CEE4846}
		{91AE39B0-D988-46A0-8632-E9286888E994} = {8F18C051-BAA8-4773-83DA-40816CEE4846}
		{93BD6545-72D7-4F59-8682-F7F40BE657B3} = {8F18C051-BAA8-4773-83DA-40816CEE4846}
		{B342E07B-6DB8-4BDC-A563-2783A7775A1D} = {8F18C051-BAA8-4773-83DA-40816CEE4846}
		{74C6F172-F58E-4677-8E16-661912C9610B} = {4B3759F8-2DFB-40DD-B99C-C356EAA2AA62}
		{F5856D68-8A84-488F-9B2A-65C5612C7A3B} = {49EF2AE1-0BEF-43B8-A1F0-C8C2D7D31DA4}
		{023715AE-C222-4768-9A41-1C1C74E5CD8D} = {49EF2AE1-0BEF-43B8-A1F0-C8C2D7D31DA4}
		{F6A9B586-E728-47FC-909C-36BE9C83E248} = {49EF2AE1-0BEF-43B8-A1F0-C8C2D7D31DA4}
		{7FEF79C2-C649-4A76-9910-1FB6695C4000} = {49EF2AE1-0BEF-43B8-A1F0-C8C2D7D31DA4}
		{19D31D2A-7CA5-4498-B0FD-BA20112A48ED} = {49EF2AE1-0BEF-43B8-A1F0-C8C2D7D31DA4}
		{174F49EB-DCD7-4D46-A3E4-2DB38CA4C592} = {5117DE84-D633-40EA-8043-0618AF0C8B3A}
		{3267990B-CE77-43C0-B57B-00ACA5E06F71} = {5117DE84-D633-40EA-8043-0618AF0C8B3A}
		{03A95F19-8E5D-4C2E-901F-C5A79201A475} = {5117DE84-D633-40EA-8043-0618AF0C8B3A}
		{AC9FFE12-6F40-41E4-8DFA-ED5BB1D2F56A} = {5117DE84-D633-40EA-8043-0618AF0C8B3A}
		{411E410F-B4A7-4F28-8FAF-B5E5EC416D7B} = {5117DE84-D633-40EA-8043-0618AF0C8B3A}
	EndGlobalSection
	GlobalSection(ExtensibilityGlobals) = postSolution
		SolutionGuid = {DCB123E1-5D3F-491E-8CDD-C31F35CA239F}
	EndGlobalSection
EndGlobal
